// !$*UTF8*$!
{
	archiveVersion = 1;
	classes = {
	};
	objectVersion = 50;
	objects = {

/* Begin PBXBuildFile section */
		D552B076266FEA6E0029EDAF /* AppDelegate.swift in Sources */ = {isa = PBXBuildFile; fileRef = D552B075266FEA6E0029EDAF /* AppDelegate.swift */; };
		D552B078266FEA6E0029EDAF /* SceneDelegate.swift in Sources */ = {isa = PBXBuildFile; fileRef = D552B077266FEA6E0029EDAF /* SceneDelegate.swift */; };
		D552B07A266FEA6E0029EDAF /* ViewController.swift in Sources */ = {isa = PBXBuildFile; fileRef = D552B079266FEA6E0029EDAF /* ViewController.swift */; };
		D552B07D266FEA6E0029EDAF /* Main.storyboard in Resources */ = {isa = PBXBuildFile; fileRef = D552B07B266FEA6E0029EDAF /* Main.storyboard */; };
		D552B07F266FEA750029EDAF /* Assets.xcassets in Resources */ = {isa = PBXBuildFile; fileRef = D552B07E266FEA750029EDAF /* Assets.xcassets */; };
		D552B082266FEA750029EDAF /* LaunchScreen.storyboard in Resources */ = {isa = PBXBuildFile; fileRef = D552B080266FEA750029EDAF /* LaunchScreen.storyboard */; };
		D552B08B266FF0050029EDAF /* ImagesCell.swift in Sources */ = {isa = PBXBuildFile; fileRef = D552B089266FF0050029EDAF /* ImagesCell.swift */; };
		D552B08C266FF0050029EDAF /* ImagesCell.xib in Resources */ = {isa = PBXBuildFile; fileRef = D552B08A266FF0050029EDAF /* ImagesCell.xib */; };
		D552B08E266FFE670029EDAF /* HeaderPart.swift in Sources */ = {isa = PBXBuildFile; fileRef = D552B08D266FFE670029EDAF /* HeaderPart.swift */; };
/* End PBXBuildFile section */

/* Begin PBXFileReference section */
		D552B072266FEA6E0029EDAF /* AppleLabsDoubtSession.app */ = {isa = PBXFileReference; explicitFileType = wrapper.application; includeInIndex = 0; path = AppleLabsDoubtSession.app; sourceTree = BUILT_PRODUCTS_DIR; };
		D552B075266FEA6E0029EDAF /* AppDelegate.swift */ = {isa = PBXFileReference; lastKnownFileType = sourcecode.swift; path = AppDelegate.swift; sourceTree = "<group>"; };
		D552B077266FEA6E0029EDAF /* SceneDelegate.swift */ = {isa = PBXFileReference; lastKnownFileType = sourcecode.swift; path = SceneDelegate.swift; sourceTree = "<group>"; };
		D552B079266FEA6E0029EDAF /* ViewController.swift */ = {isa = PBXFileReference; lastKnownFileType = sourcecode.swift; path = ViewController.swift; sourceTree = "<group>"; };
		D552B07C266FEA6E0029EDAF /* Base */ = {isa = PBXFileReference; lastKnownFileType = file.storyboard; name = Base; path = Base.lproj/Main.storyboard; sourceTree = "<group>"; };
		D552B07E266FEA750029EDAF /* Assets.xcassets */ = {isa = PBXFileReference; lastKnownFileType = folder.assetcatalog; path = Assets.xcassets; sourceTree = "<group>"; };
		D552B081266FEA750029EDAF /* Base */ = {isa = PBXFileReference; lastKnownFileType = file.storyboard; name = Base; path = Base.lproj/LaunchScreen.storyboard; sourceTree = "<group>"; };
		D552B083266FEA750029EDAF /* Info.plist */ = {isa = PBXFileReference; lastKnownFileType = text.plist.xml; path = Info.plist; sourceTree = "<group>"; };
		D552B089266FF0050029EDAF /* ImagesCell.swift */ = {isa = PBXFileReference; lastKnownFileType = sourcecode.swift; path = ImagesCell.swift; sourceTree = "<group>"; };
		D552B08A266FF0050029EDAF /* ImagesCell.xib */ = {isa = PBXFileReference; lastKnownFileType = file.xib; path = ImagesCell.xib; sourceTree = "<group>"; };
		D552B08D266FFE670029EDAF /* HeaderPart.swift */ = {isa = PBXFileReference; lastKnownFileType = sourcecode.swift; path = HeaderPart.swift; sourceTree = "<group>"; };
/* End PBXFileReference section */

/* Begin PBXFrameworksBuildPhase section */
		D552B06F266FEA6E0029EDAF /* Frameworks */ = {
			isa = PBXFrameworksBuildPhase;
			buildActionMask = 2147483647;
			files = (
			);
			runOnlyForDeploymentPostprocessing = 0;
		};
/* End PBXFrameworksBuildPhase section */

/* Begin PBXGroup section */
		D552B069266FEA6E0029EDAF = {
			isa = PBXGroup;
			children = (
				D552B074266FEA6E0029EDAF /* AppleLabsDoubtSession */,
				D552B073266FEA6E0029EDAF /* Products */,
			);
			sourceTree = "<group>";
		};
		D552B073266FEA6E0029EDAF /* Products */ = {
			isa = PBXGroup;
			children = (
				D552B072266FEA6E0029EDAF /* AppleLabsDoubtSession.app */,
			);
			name = Products;
			sourceTree = "<group>";
		};
		D552B074266FEA6E0029EDAF /* AppleLabsDoubtSession */ = {
			isa = PBXGroup;
			children = (
				D552B075266FEA6E0029EDAF /* AppDelegate.swift */,
				D552B077266FEA6E0029EDAF /* SceneDelegate.swift */,
				D552B079266FEA6E0029EDAF /* ViewController.swift */,
				D552B07B266FEA6E0029EDAF /* Main.storyboard */,
				D552B07E266FEA750029EDAF /* Assets.xcassets */,
				D552B080266FEA750029EDAF /* LaunchScreen.storyboard */,
				D552B083266FEA750029EDAF /* Info.plist */,
				D552B089266FF0050029EDAF /* ImagesCell.swift */,
				D552B08A266FF0050029EDAF /* ImagesCell.xib */,
				D552B08D266FFE670029EDAF /* HeaderPart.swift */,
			);
			path = AppleLabsDoubtSession;
			sourceTree = "<group>";
		};
/* End PBXGroup section */

/* Begin PBXNativeTarget section */
		D552B071266FEA6E0029EDAF /* AppleLabsDoubtSession */ = {
			isa = PBXNativeTarget;
			buildConfigurationList = D552B086266FEA750029EDAF /* Build configuration list for PBXNativeTarget "AppleLabsDoubtSession" */;
			buildPhases = (
				D552B06E266FEA6E0029EDAF /* Sources */,
				D552B06F266FEA6E0029EDAF /* Frameworks */,
				D552B070266FEA6E0029EDAF /* Resources */,
			);
			buildRules = (
			);
			dependencies = (
			);
			name = AppleLabsDoubtSession;
			productName = AppleLabsDoubtSession;
			productReference = D552B072266FEA6E0029EDAF /* AppleLabsDoubtSession.app */;
			productType = "com.apple.product-type.application";
		};
/* End PBXNativeTarget section */

/* Begin PBXProject section */
		D552B06A266FEA6E0029EDAF /* Project object */ = {
			isa = PBXProject;
			attributes = {
				LastSwiftUpdateCheck = 1250;
				LastUpgradeCheck = 1250;
				TargetAttributes = {
					D552B071266FEA6E0029EDAF = {
						CreatedOnToolsVersion = 12.5;
					};
				};
			};
			buildConfigurationList = D552B06D266FEA6E0029EDAF /* Build configuration list for PBXProject "AppleLabsDoubtSession" */;
			compatibilityVersion = "Xcode 9.3";
			developmentRegion = en;
			hasScannedForEncodings = 0;
			knownRegions = (
				en,
				Base,
			);
			mainGroup = D552B069266FEA6E0029EDAF;
			productRefGroup = D552B073266FEA6E0029EDAF /* Products */;
			projectDirPath = "";
			projectRoot = "";
			targets = (
				D552B071266FEA6E0029EDAF /* AppleLabsDoubtSession */,
			);
		};
/* End PBXProject section */

/* Begin PBXResourcesBuildPhase section */
		D552B070266FEA6E0029EDAF /* Resources */ = {
			isa = PBXResourcesBuildPhase;
			buildActionMask = 2147483647;
			files = (
				D552B082266FEA750029EDAF /* LaunchScreen.storyboard in Resources */,
				D552B08C266FF0050029EDAF /* ImagesCell.xib in Resources */,
				D552B07F266FEA750029EDAF /* Assets.xcassets in Resources */,
				D552B07D266FEA6E0029EDAF /* Main.storyboard in Resources */,
			);
			runOnlyForDeploymentPostprocessing = 0;
		};
/* End PBXResourcesBuildPhase section */

/* Begin PBXSourcesBuildPhase section */
		D552B06E266FEA6E0029EDAF /* Sources */ = {
			isa = PBXSourcesBuildPhase;
			buildActionMask = 2147483647;
			files = (
				D552B08E266FFE670029EDAF /* HeaderPart.swift in Sources */,
				D552B07A266FEA6E0029EDAF /* ViewController.swift in Sources */,
				D552B08B266FF0050029EDAF /* ImagesCell.swift in Sources */,
				D552B076266FEA6E0029EDAF /* AppDelegate.swift in Sources */,
				D552B078266FEA6E0029EDAF /* SceneDelegate.swift in Sources */,
			);
			runOnlyForDeploymentPostprocessing = 0;
		};
/* End PBXSourcesBuildPhase section */

/* Begin PBXVariantGroup section */
		D552B07B266FEA6E0029EDAF /* Main.storyboard */ = {
			isa = PBXVariantGroup;
			children = (
				D552B07C266FEA6E0029EDAF /* Base */,
			);
			name = Main.storyboard;
			sourceTree = "<group>";
		};
		D552B080266FEA750029EDAF /* LaunchScreen.storyboard */ = {
			isa = PBXVariantGroup;
			children = (
				D552B081266FEA750029EDAF /* Base */,
			);
			name = LaunchScreen.storyboard;
			sourceTree = "<group>";
		};
/* End PBXVariantGroup section */

/* Begin XCBuildConfiguration section */
		D552B084266FEA750029EDAF /* Debug */ = {
			isa = XCBuildConfiguration;
			buildSettings = {
				ALWAYS_SEARCH_USER_PATHS = NO;
				CLANG_ANALYZER_NONNULL = YES;
				CLANG_ANALYZER_NUMBER_OBJECT_CONVERSION = YES_AGGRESSIVE;
				CLANG_CXX_LANGUAGE_STANDARD = "gnu++14";
				CLANG_CXX_LIBRARY = "libc++";
				CLANG_ENABLE_MODULES = YES;
				CLANG_ENABLE_OBJC_ARC = YES;
				CLANG_ENABLE_OBJC_WEAK = YES;
				CLANG_WARN_BLOCK_CAPTURE_AUTORELEASING = YES;
				CLANG_WARN_BOOL_CONVERSION = YES;
				CLANG_WARN_COMMA = YES;
				CLANG_WARN_CONSTANT_CONVERSION = YES;
				CLANG_WARN_DEPRECATED_OBJC_IMPLEMENTATIONS = YES;
				CLANG_WARN_DIRECT_OBJC_ISA_USAGE = YES_ERROR;
				CLANG_WARN_DOCUMENTATION_COMMENTS = YES;
				CLANG_WARN_EMPTY_BODY = YES;
				CLANG_WARN_ENUM_CONVERSION = YES;
				CLANG_WARN_INFINITE_RECURSION = YES;
				CLANG_WARN_INT_CONVERSION = YES;
				CLANG_WARN_NON_LITERAL_NULL_CONVERSION = YES;
				CLANG_WARN_OBJC_IMPLICIT_RETAIN_SELF = YES;
				CLANG_WARN_OBJC_LITERAL_CONVERSION = YES;
				CLANG_WARN_OBJC_ROOT_CLASS = YES_ERROR;
				CLANG_WARN_QUOTED_INCLUDE_IN_FRAMEWORK_HEADER = YES;
				CLANG_WARN_RANGE_LOOP_ANALYSIS = YES;
				CLANG_WARN_STRICT_PROTOTYPES = YES;
				CLANG_WARN_SUSPICIOUS_MOVE = YES;
				CLANG_WARN_UNGUARDED_AVAILABILITY = YES_AGGRESSIVE;
				CLANG_WARN_UNREACHABLE_CODE = YES;
				CLANG_WARN__DUPLICATE_METHOD_MATCH = YES;
				COPY_PHASE_STRIP = NO;
				DEBUG_INFORMATION_FORMAT = dwarf;
				ENABLE_STRICT_OBJC_MSGSEND = YES;
				ENABLE_TESTABILITY = YES;
				GCC_C_LANGUAGE_STANDARD = gnu11;
				GCC_DYNAMIC_NO_PIC = NO;
				GCC_NO_COMMON_BLOCKS = YES;
				GCC_OPTIMIZATION_LEVEL = 0;
				GCC_PREPROCESSOR_DEFINITIONS = (
					"DEBUG=1",
					"$(inherited)",
				);
				GCC_WARN_64_TO_32_BIT_CONVERSION = YES;
				GCC_WARN_ABOUT_RETURN_TYPE = YES_ERROR;
				GCC_WARN_UNDECLARED_SELECTOR = YES;
				GCC_WARN_UNINITIALIZED_AUTOS = YES_AGGRESSIVE;
				GCC_WARN_UNUSED_FUNCTION = YES;
				GCC_WARN_UNUSED_VARIABLE = YES;
				IPHONEOS_DEPLOYMENT_TARGET = 14.5;
				MTL_ENABLE_DEBUG_INFO = INCLUDE_SOURCE;
				MTL_FAST_MATH = YES;
				ONLY_ACTIVE_ARCH = YES;
				SDKROOT = iphoneos;
				SWIFT_ACTIVE_COMPILATION_CONDITIONS = DEBUG;
				SWIFT_OPTIMIZATION_LEVEL = "-Onone";
			};
			name = Debug;
		};
		D552B085266FEA750029EDAF /* Release */ = {
			isa = XCBuildConfiguration;
			buildSettings = {
				ALWAYS_SEARCH_USER_PATHS = NO;
				CLANG_ANALYZER_NONNULL = YES;
				CLANG_ANALYZER_NUMBER_OBJECT_CONVERSION = YES_AGGRESSIVE;
				CLANG_CXX_LANGUAGE_STANDARD = "gnu++14";
				CLANG_CXX_LIBRARY = "libc++";
				CLANG_ENABLE_MODULES = YES;
				CLANG_ENABLE_OBJC_ARC = YES;
				CLANG_ENABLE_OBJC_WEAK = YES;
				CLANG_WARN_BLOCK_CAPTURE_AUTORELEASING = YES;
				CLANG_WARN_BOOL_CONVERSION = YES;
				CLANG_WARN_COMMA = YES;
				CLANG_WARN_CONSTANT_CONVERSION = YES;
				CLANG_WARN_DEPRECATED_OBJC_IMPLEMENTATIONS = YES;
				CLANG_WARN_DIRECT_OBJC_ISA_USAGE = YES_ERROR;
				CLANG_WARN_DOCUMENTATION_COMMENTS = YES;
				CLANG_WARN_EMPTY_BODY = YES;
				CLANG_WARN_ENUM_CONVERSION = YES;
				CLANG_WARN_INFINITE_RECURSION = YES;
				CLANG_WARN_INT_CONVERSION = YES;
				CLANG_WARN_NON_LITERAL_NULL_CONVERSION = YES;
				CLANG_WARN_OBJC_IMPLICIT_RETAIN_SELF = YES;
				CLANG_WARN_OBJC_LITERAL_CONVERSION = YES;
				CLANG_WARN_OBJC_ROOT_CLASS = YES_ERROR;
				CLANG_WARN_QUOTED_INCLUDE_IN_FRAMEWORK_HEADER = YES;
				CLANG_WARN_RANGE_LOOP_ANALYSIS = YES;
				CLANG_WARN_STRICT_PROTOTYPES = YES;
				CLANG_WARN_SUSPICIOUS_MOVE = YES;
				CLANG_WARN_UNGUARDED_AVAILABILITY = YES_AGGRESSIVE;
				CLANG_WARN_UNREACHABLE_CODE = YES;
				CLANG_WARN__DUPLICATE_METHOD_MATCH = YES;
				COPY_PHASE_STRIP = NO;
				DEBUG_INFORMATION_FORMAT = "dwarf-with-dsym";
				ENABLE_NS_ASSERTIONS = NO;
				ENABLE_STRICT_OBJC_MSGSEND = YES;
				GCC_C_LANGUAGE_STANDARD = gnu11;
				GCC_NO_COMMON_BLOCKS = YES;
				GCC_WARN_64_TO_32_BIT_CONVERSION = YES;
				GCC_WARN_ABOUT_RETURN_TYPE = YES_ERROR;
				GCC_WARN_UNDECLARED_SELECTOR = YES;
				GCC_WARN_UNINITIALIZED_AUTOS = YES_AGGRESSIVE;
				GCC_WARN_UNUSED_FUNCTION = YES;
				GCC_WARN_UNUSED_VARIABLE = YES;
				IPHONEOS_DEPLOYMENT_TARGET = 14.5;
				MTL_ENABLE_DEBUG_INFO = NO;
				MTL_FAST_MATH = YES;
				SDKROOT = iphoneos;
				SWIFT_COMPILATION_MODE = wholemodule;
				SWIFT_OPTIMIZATION_LEVEL = "-O";
				VALIDATE_PRODUCT = YES;
			};
			name = Release;
		};
		D552B087266FEA750029EDAF /* Debug */ = {
			isa = XCBuildConfiguration;
			buildSettings = {
				ASSETCATALOG_COMPILER_APPICON_NAME = AppIcon;
				ASSETCATALOG_COMPILER_GLOBAL_ACCENT_COLOR_NAME = AccentColor;
				CODE_SIGN_STYLE = Automatic;
				DEVELOPMENT_TEAM = 6AD2RY8S5T;
				INFOPLIST_FILE = AppleLabsDoubtSession/Info.plist;
				LD_RUNPATH_SEARCH_PATHS = (
					"$(inherited)",
					"@executable_path/Frameworks",
				);
				PRODUCT_BUNDLE_IDENTIFIER = com.Darshil.AppleLabsDoubtSession;
				PRODUCT_NAME = "$(TARGET_NAME)";
				SWIFT_VERSION = 5.0;
				TARGETED_DEVICE_FAMILY = "1,2";
			};
			name = Debug;
		};
		D552B088266FEA750029EDAF /* Release */ = {
			isa = XCBuildConfiguration;
			buildSettings = {
				ASSETCATALOG_COMPILER_APPICON_NAME = AppIcon;
				ASSETCATALOG_COMPILER_GLOBAL_ACCENT_COLOR_NAME = AccentColor;
				CODE_SIGN_STYLE = Automatic;
				DEVELOPMENT_TEAM = 6AD2RY8S5T;
				INFOPLIST_FILE = AppleLabsDoubtSession/Info.plist;
				LD_RUNPATH_SEARCH_PATHS = (
					"$(inherited)",
					"@executable_path/Frameworks",
				);
				PRODUCT_BUNDLE_IDENTIFIER = com.Darshil.AppleLabsDoubtSession;
				PRODUCT_NAME = "$(TARGET_NAME)";
				SWIFT_VERSION = 5.0;
				TARGETED_DEVICE_FAMILY = "1,2";
			};
			name = Release;
		};
/* End XCBuildConfiguration section */

/* Begin XCConfigurationList section */
		D552B06D266FEA6E0029EDAF /* Build configuration list for PBXProject "AppleLabsDoubtSession" */ = {
			isa = XCConfigurationList;
			buildConfigurations = (
				D552B084266FEA750029EDAF /* Debug */,
				D552B085266FEA750029EDAF /* Release */,
			);
			defaultConfigurationIsVisible = 0;
			defaultConfigurationName = Release;
		};
		D552B086266FEA750029EDAF /* Build configuration list for PBXNativeTarget "AppleLabsDoubtSession" */ = {
			isa = XCConfigurationList;
			buildConfigurations = (
				D552B087266FEA750029EDAF /* Debug */,
				D552B088266FEA750029EDAF /* Release */,
			);
			defaultConfigurationIsVisible = 0;
			defaultConfigurationName = Release;
		};
/* End XCConfigurationList section */
	};
	rootObject = D552B06A266FEA6E0029EDAF /* Project object */;
}
